
Microsoft Visual Studio Solution File, Format Version 12.00
# Visual Studio 14
VisualStudioVersion = 14.0.25420.1
MinimumVisualStudioVersion = 10.0.40219.1
Project("{FAE04EC0-301F-11D3-BF4B-00C04F79EFBC}") = "ClientRestGsbRapports", "ClientRestGsbRapports\ClientRestGsbRapports.csproj", "{2FF734D2-2FAE-4B9E-9D8D-1A1A2C85969F}"
EndProject
Project("{FAE04EC0-301F-11D3-BF4B-00C04F79EFBC}") = "mdlGsbRapportsVisite", "mdlGsbRapportsVisite\mdlGsbRapportsVisite.csproj", "{537E6463-CDD2-4176-8A1C-AAB4F611771D}"
EndProject
Global
	GlobalSection(SolutionConfigurationPlatforms) = preSolution
		Debug|Any CPU = Debug|Any CPU
		Release|Any CPU = Release|Any CPU
	EndGlobalSection
	GlobalSection(ProjectConfigurationPlatforms) = postSolution
		{2FF734D2-2FAE-4B9E-9D8D-1A1A2C85969F}.Debug|Any CPU.ActiveCfg = Debug|Any CPU
		{2FF734D2-2FAE-4B9E-9D8D-1A1A2C85969F}.Debug|Any CPU.Build.0 = Debug|Any CPU
		{2FF734D2-2FAE-4B9E-9D8D-1A1A2C85969F}.Release|Any CPU.ActiveCfg = Release|Any CPU
		{2FF734D2-2FAE-4B9E-9D8D-1A1A2C85969F}.Release|Any CPU.Build.0 = Release|Any CPU
		{537E6463-CDD2-4176-8A1C-AAB4F611771D}.Debug|Any CPU.ActiveCfg = Debug|Any CPU
		{537E6463-CDD2-4176-8A1C-AAB4F611771D}.Debug|Any CPU.Build.0 = Debug|Any CPU
		{537E6463-CDD2-4176-8A1C-AAB4F611771D}.Release|Any CPU.ActiveCfg = Release|Any CPU
		{537E6463-CDD2-4176-8A1C-AAB4F611771D}.Release|Any CPU.Build.0 = Release|Any CPU
	EndGlobalSection
	GlobalSection(SolutionProperties) = preSolution
		HideSolutionNode = FALSE
	EndGlobalSection
EndGlobal
